// !$*UTF8*$!
{
	archiveVersion = 1;
	classes = {
	};
	objectVersion = 56;
	objects = {

/* Begin PBXBuildFile section */
		AF4982C6296DD39D0093FF91 /* TapTempoButtonExampleApp.swift in Sources */ = {isa = PBXBuildFile; fileRef = AF4982C5296DD39D0093FF91 /* TapTempoButtonExampleApp.swift */; };
		AF4982C8296DD39D0093FF91 /* ContentView.swift in Sources */ = {isa = PBXBuildFile; fileRef = AF4982C7296DD39D0093FF91 /* ContentView.swift */; };
		AF4982CA296DD39E0093FF91 /* Assets.xcassets in Resources */ = {isa = PBXBuildFile; fileRef = AF4982C9296DD39E0093FF91 /* Assets.xcassets */; };
		AF4982CD296DD39E0093FF91 /* Preview Assets.xcassets in Resources */ = {isa = PBXBuildFile; fileRef = AF4982CC296DD39E0093FF91 /* Preview Assets.xcassets */; };
		AF4982DA296DD67E0093FF91 /* TapTempoButton in Frameworks */ = {isa = PBXBuildFile; productRef = AF4982D9296DD67E0093FF91 /* TapTempoButton */; };
		AF5CE0412970B9D000DDA9B8 /* TapTempoButtonWatchExampleApp.swift in Sources */ = {isa = PBXBuildFile; fileRef = AF5CE0402970B9D000DDA9B8 /* TapTempoButtonWatchExampleApp.swift */; };
		AF5CE0432970B9D000DDA9B8 /* ContentView.swift in Sources */ = {isa = PBXBuildFile; fileRef = AF5CE0422970B9D000DDA9B8 /* ContentView.swift */; };
		AF5CE0452970B9D100DDA9B8 /* Assets.xcassets in Resources */ = {isa = PBXBuildFile; fileRef = AF5CE0442970B9D100DDA9B8 /* Assets.xcassets */; };
		AF5CE0482970B9D100DDA9B8 /* Preview Assets.xcassets in Resources */ = {isa = PBXBuildFile; fileRef = AF5CE0472970B9D100DDA9B8 /* Preview Assets.xcassets */; };
		AF5CE04B2970B9D100DDA9B8 /* TapTempoButtonWatchExample Watch App.app in Embed Watch Content */ = {isa = PBXBuildFile; fileRef = AF5CE03E2970B9D000DDA9B8 /* TapTempoButtonWatchExample Watch App.app */; platformFilter = ios; settings = {ATTRIBUTES = (RemoveHeadersOnCopy, ); }; };
		AF5CE0512970BA1300DDA9B8 /* TapTempoButton in Frameworks */ = {isa = PBXBuildFile; productRef = AF5CE0502970BA1300DDA9B8 /* TapTempoButton */; };
		AF5CE0592970BE7000DDA9B8 /* TapTempoButtonTVExampleApp.swift in Sources */ = {isa = PBXBuildFile; fileRef = AF5CE0582970BE7000DDA9B8 /* TapTempoButtonTVExampleApp.swift */; };
		AF5CE05B2970BE7000DDA9B8 /* ContentView.swift in Sources */ = {isa = PBXBuildFile; fileRef = AF5CE05A2970BE7000DDA9B8 /* ContentView.swift */; };
		AF5CE05D2970BE7100DDA9B8 /* Assets.xcassets in Resources */ = {isa = PBXBuildFile; fileRef = AF5CE05C2970BE7100DDA9B8 /* Assets.xcassets */; };
		AF5CE0602970BE7100DDA9B8 /* Preview Assets.xcassets in Resources */ = {isa = PBXBuildFile; fileRef = AF5CE05F2970BE7100DDA9B8 /* Preview Assets.xcassets */; };
		AF5CE0652970BE8300DDA9B8 /* TapTempoButton in Frameworks */ = {isa = PBXBuildFile; productRef = AF5CE0642970BE8300DDA9B8 /* TapTempoButton */; };
		AF5CE06D2970C6F200DDA9B8 /* TapTempoMacExampleApp.swift in Sources */ = {isa = PBXBuildFile; fileRef = AF5CE06C2970C6F200DDA9B8 /* TapTempoMacExampleApp.swift */; };
		AF5CE06F2970C6F200DDA9B8 /* ContentView.swift in Sources */ = {isa = PBXBuildFile; fileRef = AF5CE06E2970C6F200DDA9B8 /* ContentView.swift */; };
		AF5CE0712970C6F300DDA9B8 /* Assets.xcassets in Resources */ = {isa = PBXBuildFile; fileRef = AF5CE0702970C6F300DDA9B8 /* Assets.xcassets */; };
		AF5CE0742970C6F300DDA9B8 /* Preview Assets.xcassets in Resources */ = {isa = PBXBuildFile; fileRef = AF5CE0732970C6F300DDA9B8 /* Preview Assets.xcassets */; };
		AF5CE07A2970C75800DDA9B8 /* TapTempoButton in Frameworks */ = {isa = PBXBuildFile; productRef = AF5CE0792970C75800DDA9B8 /* TapTempoButton */; };
		AFBC22382971713D00B5048E /* TapButtonStyle.swift in Sources */ = {isa = PBXBuildFile; fileRef = AFBC22372971713D00B5048E /* TapButtonStyle.swift */; };
/* End PBXBuildFile section */

/* Begin PBXContainerItemProxy section */
		AF5CE0492970B9D100DDA9B8 /* PBXContainerItemProxy */ = {
			isa = PBXContainerItemProxy;
			containerPortal = AF4982BA296DD39D0093FF91 /* Project object */;
			proxyType = 1;
			remoteGlobalIDString = AF5CE03D2970B9D000DDA9B8;
			remoteInfo = "TapTempoButtonWatchExample Watch App";
		};
/* End PBXContainerItemProxy section */

/* Begin PBXCopyFilesBuildPhase section */
		AF5CE04C2970B9D100DDA9B8 /* Embed Watch Content */ = {
			isa = PBXCopyFilesBuildPhase;
			buildActionMask = 2147483647;
			dstPath = "$(CONTENTS_FOLDER_PATH)/Watch";
			dstSubfolderSpec = 16;
			files = (
				AF5CE04B2970B9D100DDA9B8 /* TapTempoButtonWatchExample Watch App.app in Embed Watch Content */,
			);
			name = "Embed Watch Content";
			runOnlyForDeploymentPostprocessing = 0;
		};
/* End PBXCopyFilesBuildPhase section */

/* Begin PBXFileReference section */
		AF4982C2296DD39D0093FF91 /* TapTempoButtonExample.app */ = {isa = PBXFileReference; explicitFileType = wrapper.application; includeInIndex = 0; path = TapTempoButtonExample.app; sourceTree = BUILT_PRODUCTS_DIR; };
		AF4982C5296DD39D0093FF91 /* TapTempoButtonExampleApp.swift */ = {isa = PBXFileReference; lastKnownFileType = sourcecode.swift; path = TapTempoButtonExampleApp.swift; sourceTree = "<group>"; };
		AF4982C7296DD39D0093FF91 /* ContentView.swift */ = {isa = PBXFileReference; lastKnownFileType = sourcecode.swift; path = ContentView.swift; sourceTree = "<group>"; };
		AF4982C9296DD39E0093FF91 /* Assets.xcassets */ = {isa = PBXFileReference; lastKnownFileType = folder.assetcatalog; path = Assets.xcassets; sourceTree = "<group>"; };
		AF4982CC296DD39E0093FF91 /* Preview Assets.xcassets */ = {isa = PBXFileReference; lastKnownFileType = folder.assetcatalog; path = "Preview Assets.xcassets"; sourceTree = "<group>"; };
		AF4982D7296DD4110093FF91 /* TapTempoButton */ = {isa = PBXFileReference; lastKnownFileType = wrapper; name = TapTempoButton; path = ../..; sourceTree = "<group>"; };
		AF5CE01D2970B85B00DDA9B8 /* TapTempoButtonExample.entitlements */ = {isa = PBXFileReference; lastKnownFileType = text.plist.entitlements; path = TapTempoButtonExample.entitlements; sourceTree = "<group>"; };
		AF5CE03E2970B9D000DDA9B8 /* TapTempoButtonWatchExample Watch App.app */ = {isa = PBXFileReference; explicitFileType = wrapper.application; includeInIndex = 0; path = "TapTempoButtonWatchExample Watch App.app"; sourceTree = BUILT_PRODUCTS_DIR; };
		AF5CE0402970B9D000DDA9B8 /* TapTempoButtonWatchExampleApp.swift */ = {isa = PBXFileReference; lastKnownFileType = sourcecode.swift; path = TapTempoButtonWatchExampleApp.swift; sourceTree = "<group>"; };
		AF5CE0422970B9D000DDA9B8 /* ContentView.swift */ = {isa = PBXFileReference; lastKnownFileType = sourcecode.swift; path = ContentView.swift; sourceTree = "<group>"; };
		AF5CE0442970B9D100DDA9B8 /* Assets.xcassets */ = {isa = PBXFileReference; lastKnownFileType = folder.assetcatalog; path = Assets.xcassets; sourceTree = "<group>"; };
		AF5CE0472970B9D100DDA9B8 /* Preview Assets.xcassets */ = {isa = PBXFileReference; lastKnownFileType = folder.assetcatalog; path = "Preview Assets.xcassets"; sourceTree = "<group>"; };
		AF5CE0562970BE7000DDA9B8 /* TapTempoButtonTVExample.app */ = {isa = PBXFileReference; explicitFileType = wrapper.application; includeInIndex = 0; path = TapTempoButtonTVExample.app; sourceTree = BUILT_PRODUCTS_DIR; };
		AF5CE0582970BE7000DDA9B8 /* TapTempoButtonTVExampleApp.swift */ = {isa = PBXFileReference; lastKnownFileType = sourcecode.swift; path = TapTempoButtonTVExampleApp.swift; sourceTree = "<group>"; };
		AF5CE05A2970BE7000DDA9B8 /* ContentView.swift */ = {isa = PBXFileReference; lastKnownFileType = sourcecode.swift; path = ContentView.swift; sourceTree = "<group>"; };
		AF5CE05C2970BE7100DDA9B8 /* Assets.xcassets */ = {isa = PBXFileReference; lastKnownFileType = folder.assetcatalog; path = Assets.xcassets; sourceTree = "<group>"; };
		AF5CE05F2970BE7100DDA9B8 /* Preview Assets.xcassets */ = {isa = PBXFileReference; lastKnownFileType = folder.assetcatalog; path = "Preview Assets.xcassets"; sourceTree = "<group>"; };
		AF5CE06A2970C6F200DDA9B8 /* TapTempoMacExample.app */ = {isa = PBXFileReference; explicitFileType = wrapper.application; includeInIndex = 0; path = TapTempoMacExample.app; sourceTree = BUILT_PRODUCTS_DIR; };
		AF5CE06C2970C6F200DDA9B8 /* TapTempoMacExampleApp.swift */ = {isa = PBXFileReference; lastKnownFileType = sourcecode.swift; path = TapTempoMacExampleApp.swift; sourceTree = "<group>"; };
		AF5CE06E2970C6F200DDA9B8 /* ContentView.swift */ = {isa = PBXFileReference; lastKnownFileType = sourcecode.swift; path = ContentView.swift; sourceTree = "<group>"; };
		AF5CE0702970C6F300DDA9B8 /* Assets.xcassets */ = {isa = PBXFileReference; lastKnownFileType = folder.assetcatalog; path = Assets.xcassets; sourceTree = "<group>"; };
		AF5CE0732970C6F300DDA9B8 /* Preview Assets.xcassets */ = {isa = PBXFileReference; lastKnownFileType = folder.assetcatalog; path = "Preview Assets.xcassets"; sourceTree = "<group>"; };
		AF5CE0752970C6F300DDA9B8 /* TapTempoMacExample.entitlements */ = {isa = PBXFileReference; lastKnownFileType = text.plist.entitlements; path = TapTempoMacExample.entitlements; sourceTree = "<group>"; };
		AFBC22372971713D00B5048E /* TapButtonStyle.swift */ = {isa = PBXFileReference; lastKnownFileType = sourcecode.swift; path = TapButtonStyle.swift; sourceTree = "<group>"; };
/* End PBXFileReference section */

/* Begin PBXFrameworksBuildPhase section */
		AF4982BF296DD39D0093FF91 /* Frameworks */ = {
			isa = PBXFrameworksBuildPhase;
			buildActionMask = 2147483647;
			files = (
				AF4982DA296DD67E0093FF91 /* TapTempoButton in Frameworks */,
			);
			runOnlyForDeploymentPostprocessing = 0;
		};
		AF5CE03B2970B9D000DDA9B8 /* Frameworks */ = {
			isa = PBXFrameworksBuildPhase;
			buildActionMask = 2147483647;
			files = (
				AF5CE0512970BA1300DDA9B8 /* TapTempoButton in Frameworks */,
			);
			runOnlyForDeploymentPostprocessing = 0;
		};
		AF5CE0532970BE7000DDA9B8 /* Frameworks */ = {
			isa = PBXFrameworksBuildPhase;
			buildActionMask = 2147483647;
			files = (
				AF5CE0652970BE8300DDA9B8 /* TapTempoButton in Frameworks */,
			);
			runOnlyForDeploymentPostprocessing = 0;
		};
		AF5CE0672970C6F200DDA9B8 /* Frameworks */ = {
			isa = PBXFrameworksBuildPhase;
			buildActionMask = 2147483647;
			files = (
				AF5CE07A2970C75800DDA9B8 /* TapTempoButton in Frameworks */,
			);
			runOnlyForDeploymentPostprocessing = 0;
		};
/* End PBXFrameworksBuildPhase section */

/* Begin PBXGroup section */
		AF4982B9296DD39D0093FF91 = {
			isa = PBXGroup;
			children = (
				AF4982D6296DD4110093FF91 /* Packages */,
				AF4982C4296DD39D0093FF91 /* TapTempoButtonExample */,
				AF5CE03F2970B9D000DDA9B8 /* TapTempoButtonWatchExample Watch App */,
				AF5CE0572970BE7000DDA9B8 /* TapTempoButtonTVExample */,
				AF5CE06B2970C6F200DDA9B8 /* TapTempoMacExample */,
				AF4982C3296DD39D0093FF91 /* Products */,
				AF4982D8296DD67E0093FF91 /* Frameworks */,
			);
			sourceTree = "<group>";
		};
		AF4982C3296DD39D0093FF91 /* Products */ = {
			isa = PBXGroup;
			children = (
				AF4982C2296DD39D0093FF91 /* TapTempoButtonExample.app */,
				AF5CE03E2970B9D000DDA9B8 /* TapTempoButtonWatchExample Watch App.app */,
				AF5CE0562970BE7000DDA9B8 /* TapTempoButtonTVExample.app */,
				AF5CE06A2970C6F200DDA9B8 /* TapTempoMacExample.app */,
			);
			name = Products;
			sourceTree = "<group>";
		};
		AF4982C4296DD39D0093FF91 /* TapTempoButtonExample */ = {
			isa = PBXGroup;
			children = (
				AF5CE01D2970B85B00DDA9B8 /* TapTempoButtonExample.entitlements */,
				AF4982C5296DD39D0093FF91 /* TapTempoButtonExampleApp.swift */,
				AF4982C7296DD39D0093FF91 /* ContentView.swift */,
				AF4982C9296DD39E0093FF91 /* Assets.xcassets */,
				AF4982CB296DD39E0093FF91 /* Preview Content */,
			);
			path = TapTempoButtonExample;
			sourceTree = "<group>";
		};
		AF4982CB296DD39E0093FF91 /* Preview Content */ = {
			isa = PBXGroup;
			children = (
				AF4982CC296DD39E0093FF91 /* Preview Assets.xcassets */,
			);
			path = "Preview Content";
			sourceTree = "<group>";
		};
		AF4982D6296DD4110093FF91 /* Packages */ = {
			isa = PBXGroup;
			children = (
				AF4982D7296DD4110093FF91 /* TapTempoButton */,
			);
			name = Packages;
			sourceTree = "<group>";
		};
		AF4982D8296DD67E0093FF91 /* Frameworks */ = {
			isa = PBXGroup;
			children = (
			);
			name = Frameworks;
			sourceTree = "<group>";
		};
		AF5CE03F2970B9D000DDA9B8 /* TapTempoButtonWatchExample Watch App */ = {
			isa = PBXGroup;
			children = (
				AF5CE0402970B9D000DDA9B8 /* TapTempoButtonWatchExampleApp.swift */,
				AF5CE0422970B9D000DDA9B8 /* ContentView.swift */,
				AF5CE0442970B9D100DDA9B8 /* Assets.xcassets */,
				AF5CE0462970B9D100DDA9B8 /* Preview Content */,
			);
			path = "TapTempoButtonWatchExample Watch App";
			sourceTree = "<group>";
		};
		AF5CE0462970B9D100DDA9B8 /* Preview Content */ = {
			isa = PBXGroup;
			children = (
				AF5CE0472970B9D100DDA9B8 /* Preview Assets.xcassets */,
			);
			path = "Preview Content";
			sourceTree = "<group>";
		};
		AF5CE0572970BE7000DDA9B8 /* TapTempoButtonTVExample */ = {
			isa = PBXGroup;
			children = (
				AF5CE0582970BE7000DDA9B8 /* TapTempoButtonTVExampleApp.swift */,
				AF5CE05A2970BE7000DDA9B8 /* ContentView.swift */,
				AF5CE05C2970BE7100DDA9B8 /* Assets.xcassets */,
				AF5CE05E2970BE7100DDA9B8 /* Preview Content */,
			);
			path = TapTempoButtonTVExample;
			sourceTree = "<group>";
		};
		AF5CE05E2970BE7100DDA9B8 /* Preview Content */ = {
			isa = PBXGroup;
			children = (
				AF5CE05F2970BE7100DDA9B8 /* Preview Assets.xcassets */,
			);
			path = "Preview Content";
			sourceTree = "<group>";
		};
		AF5CE06B2970C6F200DDA9B8 /* TapTempoMacExample */ = {
			isa = PBXGroup;
			children = (
				AF5CE06C2970C6F200DDA9B8 /* TapTempoMacExampleApp.swift */,
				AFBC22372971713D00B5048E /* TapButtonStyle.swift */,
				AF5CE06E2970C6F200DDA9B8 /* ContentView.swift */,
				AF5CE0702970C6F300DDA9B8 /* Assets.xcassets */,
				AF5CE0752970C6F300DDA9B8 /* TapTempoMacExample.entitlements */,
				AF5CE0722970C6F300DDA9B8 /* Preview Content */,
			);
			path = TapTempoMacExample;
			sourceTree = "<group>";
		};
		AF5CE0722970C6F300DDA9B8 /* Preview Content */ = {
			isa = PBXGroup;
			children = (
				AF5CE0732970C6F300DDA9B8 /* Preview Assets.xcassets */,
			);
			path = "Preview Content";
			sourceTree = "<group>";
		};
/* End PBXGroup section */

/* Begin PBXNativeTarget section */
		AF4982C1296DD39D0093FF91 /* TapTempoButtonExample */ = {
			isa = PBXNativeTarget;
			buildConfigurationList = AF4982D0296DD39E0093FF91 /* Build configuration list for PBXNativeTarget "TapTempoButtonExample" */;
			buildPhases = (
				AF4982BE296DD39D0093FF91 /* Sources */,
				AF4982BF296DD39D0093FF91 /* Frameworks */,
				AF4982C0296DD39D0093FF91 /* Resources */,
				AF5CE04C2970B9D100DDA9B8 /* Embed Watch Content */,
			);
			buildRules = (
			);
			dependencies = (
				AF5CE04A2970B9D100DDA9B8 /* PBXTargetDependency */,
			);
			name = TapTempoButtonExample;
			packageProductDependencies = (
				AF4982D9296DD67E0093FF91 /* TapTempoButton */,
			);
			productName = TapTempoButtonExample;
			productReference = AF4982C2296DD39D0093FF91 /* TapTempoButtonExample.app */;
			productType = "com.apple.product-type.application";
		};
		AF5CE03D2970B9D000DDA9B8 /* TapTempoButtonWatchExample Watch App */ = {
			isa = PBXNativeTarget;
			buildConfigurationList = AF5CE04F2970B9D100DDA9B8 /* Build configuration list for PBXNativeTarget "TapTempoButtonWatchExample Watch App" */;
			buildPhases = (
				AF5CE03A2970B9D000DDA9B8 /* Sources */,
				AF5CE03B2970B9D000DDA9B8 /* Frameworks */,
				AF5CE03C2970B9D000DDA9B8 /* Resources */,
			);
			buildRules = (
			);
			dependencies = (
			);
			name = "TapTempoButtonWatchExample Watch App";
			packageProductDependencies = (
				AF5CE0502970BA1300DDA9B8 /* TapTempoButton */,
			);
			productName = "TapTempoButtonWatchExample Watch App";
			productReference = AF5CE03E2970B9D000DDA9B8 /* TapTempoButtonWatchExample Watch App.app */;
			productType = "com.apple.product-type.application";
		};
		AF5CE0552970BE7000DDA9B8 /* TapTempoButtonTVExample */ = {
			isa = PBXNativeTarget;
			buildConfigurationList = AF5CE0612970BE7100DDA9B8 /* Build configuration list for PBXNativeTarget "TapTempoButtonTVExample" */;
			buildPhases = (
				AF5CE0522970BE7000DDA9B8 /* Sources */,
				AF5CE0532970BE7000DDA9B8 /* Frameworks */,
				AF5CE0542970BE7000DDA9B8 /* Resources */,
			);
			buildRules = (
			);
			dependencies = (
			);
			name = TapTempoButtonTVExample;
			packageProductDependencies = (
				AF5CE0642970BE8300DDA9B8 /* TapTempoButton */,
			);
			productName = TapTempoButtonTVExample;
			productReference = AF5CE0562970BE7000DDA9B8 /* TapTempoButtonTVExample.app */;
			productType = "com.apple.product-type.application";
		};
		AF5CE0692970C6F200DDA9B8 /* TapTempoMacExample */ = {
			isa = PBXNativeTarget;
			buildConfigurationList = AF5CE0762970C6F300DDA9B8 /* Build configuration list for PBXNativeTarget "TapTempoMacExample" */;
			buildPhases = (
				AF5CE0662970C6F200DDA9B8 /* Sources */,
				AF5CE0672970C6F200DDA9B8 /* Frameworks */,
				AF5CE0682970C6F200DDA9B8 /* Resources */,
			);
			buildRules = (
			);
			dependencies = (
			);
			name = TapTempoMacExample;
			packageProductDependencies = (
				AF5CE0792970C75800DDA9B8 /* TapTempoButton */,
			);
			productName = TapTempoMacExample;
			productReference = AF5CE06A2970C6F200DDA9B8 /* TapTempoMacExample.app */;
			productType = "com.apple.product-type.application";
		};
/* End PBXNativeTarget section */

/* Begin PBXProject section */
		AF4982BA296DD39D0093FF91 /* Project object */ = {
			isa = PBXProject;
			attributes = {
				BuildIndependentTargetsInParallel = 1;
				LastSwiftUpdateCheck = 1420;
				LastUpgradeCheck = 1420;
				TargetAttributes = {
					AF4982C1296DD39D0093FF91 = {
						CreatedOnToolsVersion = 14.2;
					};
					AF5CE03D2970B9D000DDA9B8 = {
						CreatedOnToolsVersion = 14.2;
					};
					AF5CE0552970BE7000DDA9B8 = {
						CreatedOnToolsVersion = 14.2;
					};
					AF5CE0692970C6F200DDA9B8 = {
						CreatedOnToolsVersion = 14.2;
					};
				};
			};
			buildConfigurationList = AF4982BD296DD39D0093FF91 /* Build configuration list for PBXProject "TapTempoButtonExample" */;
			compatibilityVersion = "Xcode 14.0";
			developmentRegion = en;
			hasScannedForEncodings = 0;
			knownRegions = (
				en,
				Base,
			);
			mainGroup = AF4982B9296DD39D0093FF91;
			productRefGroup = AF4982C3296DD39D0093FF91 /* Products */;
			projectDirPath = "";
			projectRoot = "";
			targets = (
				AF4982C1296DD39D0093FF91 /* TapTempoButtonExample */,
				AF5CE03D2970B9D000DDA9B8 /* TapTempoButtonWatchExample Watch App */,
				AF5CE0552970BE7000DDA9B8 /* TapTempoButtonTVExample */,
				AF5CE0692970C6F200DDA9B8 /* TapTempoMacExample */,
			);
		};
/* End PBXProject section */

/* Begin PBXResourcesBuildPhase section */
		AF4982C0296DD39D0093FF91 /* Resources */ = {
			isa = PBXResourcesBuildPhase;
			buildActionMask = 2147483647;
			files = (
				AF4982CD296DD39E0093FF91 /* Preview Assets.xcassets in Resources */,
				AF4982CA296DD39E0093FF91 /* Assets.xcassets in Resources */,
			);
			runOnlyForDeploymentPostprocessing = 0;
		};
		AF5CE03C2970B9D000DDA9B8 /* Resources */ = {
			isa = PBXResourcesBuildPhase;
			buildActionMask = 2147483647;
			files = (
				AF5CE0482970B9D100DDA9B8 /* Preview Assets.xcassets in Resources */,
				AF5CE0452970B9D100DDA9B8 /* Assets.xcassets in Resources */,
			);
			runOnlyForDeploymentPostprocessing = 0;
		};
		AF5CE0542970BE7000DDA9B8 /* Resources */ = {
			isa = PBXResourcesBuildPhase;
			buildActionMask = 2147483647;
			files = (
				AF5CE0602970BE7100DDA9B8 /* Preview Assets.xcassets in Resources */,
				AF5CE05D2970BE7100DDA9B8 /* Assets.xcassets in Resources */,
			);
			runOnlyForDeploymentPostprocessing = 0;
		};
		AF5CE0682970C6F200DDA9B8 /* Resources */ = {
			isa = PBXResourcesBuildPhase;
			buildActionMask = 2147483647;
			files = (
				AF5CE0742970C6F300DDA9B8 /* Preview Assets.xcassets in Resources */,
				AF5CE0712970C6F300DDA9B8 /* Assets.xcassets in Resources */,
			);
			runOnlyForDeploymentPostprocessing = 0;
		};
/* End PBXResourcesBuildPhase section */

/* Begin PBXSourcesBuildPhase section */
		AF4982BE296DD39D0093FF91 /* Sources */ = {
			isa = PBXSourcesBuildPhase;
			buildActionMask = 2147483647;
			files = (
				AF4982C8296DD39D0093FF91 /* ContentView.swift in Sources */,
				AF4982C6296DD39D0093FF91 /* TapTempoButtonExampleApp.swift in Sources */,
			);
			runOnlyForDeploymentPostprocessing = 0;
		};
		AF5CE03A2970B9D000DDA9B8 /* Sources */ = {
			isa = PBXSourcesBuildPhase;
			buildActionMask = 2147483647;
			files = (
				AF5CE0432970B9D000DDA9B8 /* ContentView.swift in Sources */,
				AF5CE0412970B9D000DDA9B8 /* TapTempoButtonWatchExampleApp.swift in Sources */,
			);
			runOnlyForDeploymentPostprocessing = 0;
		};
		AF5CE0522970BE7000DDA9B8 /* Sources */ = {
			isa = PBXSourcesBuildPhase;
			buildActionMask = 2147483647;
			files = (
				AF5CE05B2970BE7000DDA9B8 /* ContentView.swift in Sources */,
				AF5CE0592970BE7000DDA9B8 /* TapTempoButtonTVExampleApp.swift in Sources */,
			);
			runOnlyForDeploymentPostprocessing = 0;
		};
		AF5CE0662970C6F200DDA9B8 /* Sources */ = {
			isa = PBXSourcesBuildPhase;
			buildActionMask = 2147483647;
			files = (
				AF5CE06F2970C6F200DDA9B8 /* ContentView.swift in Sources */,
				AFBC22382971713D00B5048E /* TapButtonStyle.swift in Sources */,
				AF5CE06D2970C6F200DDA9B8 /* TapTempoMacExampleApp.swift in Sources */,
			);
			runOnlyForDeploymentPostprocessing = 0;
		};
/* End PBXSourcesBuildPhase section */

/* Begin PBXTargetDependency section */
		AF5CE04A2970B9D100DDA9B8 /* PBXTargetDependency */ = {
			isa = PBXTargetDependency;
			platformFilter = ios;
			target = AF5CE03D2970B9D000DDA9B8 /* TapTempoButtonWatchExample Watch App */;
			targetProxy = AF5CE0492970B9D100DDA9B8 /* PBXContainerItemProxy */;
		};
/* End PBXTargetDependency section */

/* Begin XCBuildConfiguration section */
		AF4982CE296DD39E0093FF91 /* Debug */ = {
			isa = XCBuildConfiguration;
			buildSettings = {
				ALWAYS_SEARCH_USER_PATHS = NO;
				CLANG_ANALYZER_NONNULL = YES;
				CLANG_ANALYZER_NUMBER_OBJECT_CONVERSION = YES_AGGRESSIVE;
				CLANG_CXX_LANGUAGE_STANDARD = "gnu++20";
				CLANG_ENABLE_MODULES = YES;
				CLANG_ENABLE_OBJC_ARC = YES;
				CLANG_ENABLE_OBJC_WEAK = YES;
				CLANG_WARN_BLOCK_CAPTURE_AUTORELEASING = YES;
				CLANG_WARN_BOOL_CONVERSION = YES;
				CLANG_WARN_COMMA = YES;
				CLANG_WARN_CONSTANT_CONVERSION = YES;
				CLANG_WARN_DEPRECATED_OBJC_IMPLEMENTATIONS = YES;
				CLANG_WARN_DIRECT_OBJC_ISA_USAGE = YES_ERROR;
				CLANG_WARN_DOCUMENTATION_COMMENTS = YES;
				CLANG_WARN_EMPTY_BODY = YES;
				CLANG_WARN_ENUM_CONVERSION = YES;
				CLANG_WARN_INFINITE_RECURSION = YES;
				CLANG_WARN_INT_CONVERSION = YES;
				CLANG_WARN_NON_LITERAL_NULL_CONVERSION = YES;
				CLANG_WARN_OBJC_IMPLICIT_RETAIN_SELF = YES;
				CLANG_WARN_OBJC_LITERAL_CONVERSION = YES;
				CLANG_WARN_OBJC_ROOT_CLASS = YES_ERROR;
				CLANG_WARN_QUOTED_INCLUDE_IN_FRAMEWORK_HEADER = YES;
				CLANG_WARN_RANGE_LOOP_ANALYSIS = YES;
				CLANG_WARN_STRICT_PROTOTYPES = YES;
				CLANG_WARN_SUSPICIOUS_MOVE = YES;
				CLANG_WARN_UNGUARDED_AVAILABILITY = YES_AGGRESSIVE;
				CLANG_WARN_UNREACHABLE_CODE = YES;
				CLANG_WARN__DUPLICATE_METHOD_MATCH = YES;
				COPY_PHASE_STRIP = NO;
				DEBUG_INFORMATION_FORMAT = dwarf;
				ENABLE_STRICT_OBJC_MSGSEND = YES;
				ENABLE_TESTABILITY = YES;
				GCC_C_LANGUAGE_STANDARD = gnu11;
				GCC_DYNAMIC_NO_PIC = NO;
				GCC_NO_COMMON_BLOCKS = YES;
				GCC_OPTIMIZATION_LEVEL = 0;
				GCC_PREPROCESSOR_DEFINITIONS = (
					"DEBUG=1",
					"$(inherited)",
				);
				GCC_WARN_64_TO_32_BIT_CONVERSION = YES;
				GCC_WARN_ABOUT_RETURN_TYPE = YES_ERROR;
				GCC_WARN_UNDECLARED_SELECTOR = YES;
				GCC_WARN_UNINITIALIZED_AUTOS = YES_AGGRESSIVE;
				GCC_WARN_UNUSED_FUNCTION = YES;
				GCC_WARN_UNUSED_VARIABLE = YES;
				IPHONEOS_DEPLOYMENT_TARGET = 16.2;
				MTL_ENABLE_DEBUG_INFO = INCLUDE_SOURCE;
				MTL_FAST_MATH = YES;
				ONLY_ACTIVE_ARCH = YES;
				SDKROOT = iphoneos;
				SWIFT_ACTIVE_COMPILATION_CONDITIONS = DEBUG;
				SWIFT_OPTIMIZATION_LEVEL = "-Onone";
			};
			name = Debug;
		};
		AF4982CF296DD39E0093FF91 /* Release */ = {
			isa = XCBuildConfiguration;
			buildSettings = {
				ALWAYS_SEARCH_USER_PATHS = NO;
				CLANG_ANALYZER_NONNULL = YES;
				CLANG_ANALYZER_NUMBER_OBJECT_CONVERSION = YES_AGGRESSIVE;
				CLANG_CXX_LANGUAGE_STANDARD = "gnu++20";
				CLANG_ENABLE_MODULES = YES;
				CLANG_ENABLE_OBJC_ARC = YES;
				CLANG_ENABLE_OBJC_WEAK = YES;
				CLANG_WARN_BLOCK_CAPTURE_AUTORELEASING = YES;
				CLANG_WARN_BOOL_CONVERSION = YES;
				CLANG_WARN_COMMA = YES;
				CLANG_WARN_CONSTANT_CONVERSION = YES;
				CLANG_WARN_DEPRECATED_OBJC_IMPLEMENTATIONS = YES;
				CLANG_WARN_DIRECT_OBJC_ISA_USAGE = YES_ERROR;
				CLANG_WARN_DOCUMENTATION_COMMENTS = YES;
				CLANG_WARN_EMPTY_BODY = YES;
				CLANG_WARN_ENUM_CONVERSION = YES;
				CLANG_WARN_INFINITE_RECURSION = YES;
				CLANG_WARN_INT_CONVERSION = YES;
				CLANG_WARN_NON_LITERAL_NULL_CONVERSION = YES;
				CLANG_WARN_OBJC_IMPLICIT_RETAIN_SELF = YES;
				CLANG_WARN_OBJC_LITERAL_CONVERSION = YES;
				CLANG_WARN_OBJC_ROOT_CLASS = YES_ERROR;
				CLANG_WARN_QUOTED_INCLUDE_IN_FRAMEWORK_HEADER = YES;
				CLANG_WARN_RANGE_LOOP_ANALYSIS = YES;
				CLANG_WARN_STRICT_PROTOTYPES = YES;
				CLANG_WARN_SUSPICIOUS_MOVE = YES;
				CLANG_WARN_UNGUARDED_AVAILABILITY = YES_AGGRESSIVE;
				CLANG_WARN_UNREACHABLE_CODE = YES;
				CLANG_WARN__DUPLICATE_METHOD_MATCH = YES;
				COPY_PHASE_STRIP = NO;
				DEBUG_INFORMATION_FORMAT = "dwarf-with-dsym";
				ENABLE_NS_ASSERTIONS = NO;
				ENABLE_STRICT_OBJC_MSGSEND = YES;
				GCC_C_LANGUAGE_STANDARD = gnu11;
				GCC_NO_COMMON_BLOCKS = YES;
				GCC_WARN_64_TO_32_BIT_CONVERSION = YES;
				GCC_WARN_ABOUT_RETURN_TYPE = YES_ERROR;
				GCC_WARN_UNDECLARED_SELECTOR = YES;
				GCC_WARN_UNINITIALIZED_AUTOS = YES_AGGRESSIVE;
				GCC_WARN_UNUSED_FUNCTION = YES;
				GCC_WARN_UNUSED_VARIABLE = YES;
				IPHONEOS_DEPLOYMENT_TARGET = 16.2;
				MTL_ENABLE_DEBUG_INFO = NO;
				MTL_FAST_MATH = YES;
				SDKROOT = iphoneos;
				SWIFT_COMPILATION_MODE = wholemodule;
				SWIFT_OPTIMIZATION_LEVEL = "-O";
				VALIDATE_PRODUCT = YES;
			};
			name = Release;
		};
		AF4982D1296DD39E0093FF91 /* Debug */ = {
			isa = XCBuildConfiguration;
			buildSettings = {
				ALWAYS_EMBED_SWIFT_STANDARD_LIBRARIES = YES;
				ASSETCATALOG_COMPILER_APPICON_NAME = AppIcon;
				ASSETCATALOG_COMPILER_GLOBAL_ACCENT_COLOR_NAME = AccentColor;
				CODE_SIGN_ENTITLEMENTS = TapTempoButtonExample/TapTempoButtonExample.entitlements;
				"CODE_SIGN_IDENTITY[sdk=macosx*]" = "-";
				CODE_SIGN_STYLE = Automatic;
				CURRENT_PROJECT_VERSION = 1;
				DEVELOPMENT_ASSET_PATHS = "\"TapTempoButtonExample/Preview Content\"";
				ENABLE_PREVIEWS = YES;
				GENERATE_INFOPLIST_FILE = YES;
				INFOPLIST_KEY_UIApplicationSceneManifest_Generation = YES;
				INFOPLIST_KEY_UIApplicationSupportsIndirectInputEvents = YES;
				INFOPLIST_KEY_UILaunchScreen_Generation = YES;
				INFOPLIST_KEY_UISupportedInterfaceOrientations_iPad = "UIInterfaceOrientationPortrait UIInterfaceOrientationPortraitUpsideDown UIInterfaceOrientationLandscapeLeft UIInterfaceOrientationLandscapeRight";
				INFOPLIST_KEY_UISupportedInterfaceOrientations_iPhone = "UIInterfaceOrientationPortrait UIInterfaceOrientationLandscapeLeft UIInterfaceOrientationLandscapeRight";
				LD_RUNPATH_SEARCH_PATHS = (
					"$(inherited)",
					"@executable_path/Frameworks",
				);
				MARKETING_VERSION = 1.0;
				PRODUCT_BUNDLE_IDENTIFIER = com.joanduat.TapTempoButtonExample;
				PRODUCT_NAME = "$(TARGET_NAME)";
				SUPPORTED_PLATFORMS = "iphoneos iphonesimulator";
				SUPPORTS_MACCATALYST = YES;
				SUPPORTS_MAC_DESIGNED_FOR_IPHONE_IPAD = YES;
				SWIFT_EMIT_LOC_STRINGS = YES;
				SWIFT_VERSION = 5.0;
				TARGETED_DEVICE_FAMILY = "1,2";
			};
			name = Debug;
		};
		AF4982D2296DD39E0093FF91 /* Release */ = {
			isa = XCBuildConfiguration;
			buildSettings = {
				ALWAYS_EMBED_SWIFT_STANDARD_LIBRARIES = YES;
				ASSETCATALOG_COMPILER_APPICON_NAME = AppIcon;
				ASSETCATALOG_COMPILER_GLOBAL_ACCENT_COLOR_NAME = AccentColor;
				CODE_SIGN_ENTITLEMENTS = TapTempoButtonExample/TapTempoButtonExample.entitlements;
				"CODE_SIGN_IDENTITY[sdk=macosx*]" = "-";
				CODE_SIGN_STYLE = Automatic;
				CURRENT_PROJECT_VERSION = 1;
				DEVELOPMENT_ASSET_PATHS = "\"TapTempoButtonExample/Preview Content\"";
				ENABLE_PREVIEWS = YES;
				GENERATE_INFOPLIST_FILE = YES;
				INFOPLIST_KEY_UIApplicationSceneManifest_Generation = YES;
				INFOPLIST_KEY_UIApplicationSupportsIndirectInputEvents = YES;
				INFOPLIST_KEY_UILaunchScreen_Generation = YES;
				INFOPLIST_KEY_UISupportedInterfaceOrientations_iPad = "UIInterfaceOrientationPortrait UIInterfaceOrientationPortraitUpsideDown UIInterfaceOrientationLandscapeLeft UIInterfaceOrientationLandscapeRight";
				INFOPLIST_KEY_UISupportedInterfaceOrientations_iPhone = "UIInterfaceOrientationPortrait UIInterfaceOrientationLandscapeLeft UIInterfaceOrientationLandscapeRight";
				LD_RUNPATH_SEARCH_PATHS = (
					"$(inherited)",
					"@executable_path/Frameworks",
				);
				MARKETING_VERSION = 1.0;
				PRODUCT_BUNDLE_IDENTIFIER = com.joanduat.TapTempoButtonExample;
				PRODUCT_NAME = "$(TARGET_NAME)";
				SUPPORTED_PLATFORMS = "iphoneos iphonesimulator";
				SUPPORTS_MACCATALYST = YES;
				SUPPORTS_MAC_DESIGNED_FOR_IPHONE_IPAD = YES;
				SWIFT_EMIT_LOC_STRINGS = YES;
				SWIFT_VERSION = 5.0;
				TARGETED_DEVICE_FAMILY = "1,2";
			};
			name = Release;
		};
		AF5CE04D2970B9D100DDA9B8 /* Debug */ = {
			isa = XCBuildConfiguration;
			buildSettings = {
				ASSETCATALOG_COMPILER_APPICON_NAME = AppIcon;
				ASSETCATALOG_COMPILER_GLOBAL_ACCENT_COLOR_NAME = AccentColor;
				CODE_SIGN_STYLE = Automatic;
				CURRENT_PROJECT_VERSION = 1;
				DEVELOPMENT_ASSET_PATHS = "\"TapTempoButtonWatchExample Watch App/Preview Content\"";
				DEVELOPMENT_TEAM = "";
				ENABLE_PREVIEWS = YES;
				GENERATE_INFOPLIST_FILE = YES;
				INFOPLIST_KEY_CFBundleDisplayName = TapTempoButtonWatchExample;
				INFOPLIST_KEY_UISupportedInterfaceOrientations = "UIInterfaceOrientationPortrait UIInterfaceOrientationPortraitUpsideDown";
				INFOPLIST_KEY_WKCompanionAppBundleIdentifier = com.joanduat.TapTempoButtonExample;
				LD_RUNPATH_SEARCH_PATHS = (
					"$(inherited)",
					"@executable_path/Frameworks",
				);
				MARKETING_VERSION = 1.0;
				PRODUCT_BUNDLE_IDENTIFIER = com.joanduat.TapTempoButtonExample.watchkitapp;
				PRODUCT_NAME = "$(TARGET_NAME)";
				SDKROOT = watchos;
				SKIP_INSTALL = YES;
				SWIFT_EMIT_LOC_STRINGS = YES;
				SWIFT_VERSION = 5.0;
				TARGETED_DEVICE_FAMILY = 4;
				WATCHOS_DEPLOYMENT_TARGET = 9.1;
			};
			name = Debug;
		};
		AF5CE04E2970B9D100DDA9B8 /* Release */ = {
			isa = XCBuildConfiguration;
			buildSettings = {
				ASSETCATALOG_COMPILER_APPICON_NAME = AppIcon;
				ASSETCATALOG_COMPILER_GLOBAL_ACCENT_COLOR_NAME = AccentColor;
				CODE_SIGN_STYLE = Automatic;
				CURRENT_PROJECT_VERSION = 1;
				DEVELOPMENT_ASSET_PATHS = "\"TapTempoButtonWatchExample Watch App/Preview Content\"";
				DEVELOPMENT_TEAM = "";
				ENABLE_PREVIEWS = YES;
				GENERATE_INFOPLIST_FILE = YES;
				INFOPLIST_KEY_CFBundleDisplayName = TapTempoButtonWatchExample;
				INFOPLIST_KEY_UISupportedInterfaceOrientations = "UIInterfaceOrientationPortrait UIInterfaceOrientationPortraitUpsideDown";
				INFOPLIST_KEY_WKCompanionAppBundleIdentifier = com.joanduat.TapTempoButtonExample;
				LD_RUNPATH_SEARCH_PATHS = (
					"$(inherited)",
					"@executable_path/Frameworks",
				);
				MARKETING_VERSION = 1.0;
				PRODUCT_BUNDLE_IDENTIFIER = com.joanduat.TapTempoButtonExample.watchkitapp;
				PRODUCT_NAME = "$(TARGET_NAME)";
				SDKROOT = watchos;
				SKIP_INSTALL = YES;
				SWIFT_EMIT_LOC_STRINGS = YES;
				SWIFT_VERSION = 5.0;
				TARGETED_DEVICE_FAMILY = 4;
				WATCHOS_DEPLOYMENT_TARGET = 9.1;
			};
			name = Release;
		};
		AF5CE0622970BE7100DDA9B8 /* Debug */ = {
			isa = XCBuildConfiguration;
			buildSettings = {
				ASSETCATALOG_COMPILER_APPICON_NAME = "App Icon & Top Shelf Image";
				ASSETCATALOG_COMPILER_GLOBAL_ACCENT_COLOR_NAME = AccentColor;
				CODE_SIGN_STYLE = Automatic;
				CURRENT_PROJECT_VERSION = 1;
				DEVELOPMENT_ASSET_PATHS = "\"TapTempoButtonTVExample/Preview Content\"";
				ENABLE_PREVIEWS = YES;
				GENERATE_INFOPLIST_FILE = YES;
				INFOPLIST_KEY_UILaunchScreen_Generation = YES;
				INFOPLIST_KEY_UIUserInterfaceStyle = Automatic;
				LD_RUNPATH_SEARCH_PATHS = (
					"$(inherited)",
					"@executable_path/Frameworks",
				);
				MARKETING_VERSION = 1.0;
				PRODUCT_BUNDLE_IDENTIFIER = com.joanduat.TapTempoButtonTVExample;
				PRODUCT_NAME = "$(TARGET_NAME)";
				SDKROOT = appletvos;
				SWIFT_EMIT_LOC_STRINGS = YES;
				SWIFT_VERSION = 5.0;
				TARGETED_DEVICE_FAMILY = 3;
				TVOS_DEPLOYMENT_TARGET = 16.1;
			};
			name = Debug;
		};
		AF5CE0632970BE7100DDA9B8 /* Release */ = {
			isa = XCBuildConfiguration;
			buildSettings = {
				ASSETCATALOG_COMPILER_APPICON_NAME = "App Icon & Top Shelf Image";
				ASSETCATALOG_COMPILER_GLOBAL_ACCENT_COLOR_NAME = AccentColor;
				CODE_SIGN_STYLE = Automatic;
				CURRENT_PROJECT_VERSION = 1;
				DEVELOPMENT_ASSET_PATHS = "\"TapTempoButtonTVExample/Preview Content\"";
				ENABLE_PREVIEWS = YES;
				GENERATE_INFOPLIST_FILE = YES;
				INFOPLIST_KEY_UILaunchScreen_Generation = YES;
				INFOPLIST_KEY_UIUserInterfaceStyle = Automatic;
				LD_RUNPATH_SEARCH_PATHS = (
					"$(inherited)",
					"@executable_path/Frameworks",
				);
				MARKETING_VERSION = 1.0;
				PRODUCT_BUNDLE_IDENTIFIER = com.joanduat.TapTempoButtonTVExample;
				PRODUCT_NAME = "$(TARGET_NAME)";
				SDKROOT = appletvos;
				SWIFT_EMIT_LOC_STRINGS = YES;
				SWIFT_VERSION = 5.0;
				TARGETED_DEVICE_FAMILY = 3;
				TVOS_DEPLOYMENT_TARGET = 16.1;
			};
			name = Release;
		};
		AF5CE0772970C6F300DDA9B8 /* Debug */ = {
			isa = XCBuildConfiguration;
			buildSettings = {
				ASSETCATALOG_COMPILER_APPICON_NAME = AppIcon;
				ASSETCATALOG_COMPILER_GLOBAL_ACCENT_COLOR_NAME = AccentColor;
				CODE_SIGN_ENTITLEMENTS = TapTempoMacExample/TapTempoMacExample.entitlements;
				CODE_SIGN_STYLE = Automatic;
				COMBINE_HIDPI_IMAGES = YES;
				CURRENT_PROJECT_VERSION = 1;
				DEVELOPMENT_ASSET_PATHS = "\"TapTempoMacExample/Preview Content\"";
				ENABLE_PREVIEWS = YES;
				GENERATE_INFOPLIST_FILE = YES;
				INFOPLIST_KEY_NSHumanReadableCopyright = "";
				LD_RUNPATH_SEARCH_PATHS = (
					"$(inherited)",
					"@executable_path/../Frameworks",
				);
				MACOSX_DEPLOYMENT_TARGET = 13.1;
				MARKETING_VERSION = 1.0;
				PRODUCT_BUNDLE_IDENTIFIER = com.joanduat.TapTempoMacExample;
				PRODUCT_NAME = "$(TARGET_NAME)";
				SDKROOT = macosx;
				SWIFT_EMIT_LOC_STRINGS = YES;
				SWIFT_VERSION = 5.0;
			};
			name = Debug;
		};
		AF5CE0782970C6F300DDA9B8 /* Release */ = {
			isa = XCBuildConfiguration;
			buildSettings = {
				ASSETCATALOG_COMPILER_APPICON_NAME = AppIcon;
				ASSETCATALOG_COMPILER_GLOBAL_ACCENT_COLOR_NAME = AccentColor;
				CODE_SIGN_ENTITLEMENTS = TapTempoMacExample/TapTempoMacExample.entitlements;
				CODE_SIGN_STYLE = Automatic;
				COMBINE_HIDPI_IMAGES = YES;
				CURRENT_PROJECT_VERSION = 1;
				DEVELOPMENT_ASSET_PATHS = "\"TapTempoMacExample/Preview Content\"";
				ENABLE_PREVIEWS = YES;
				GENERATE_INFOPLIST_FILE = YES;
				INFOPLIST_KEY_NSHumanReadableCopyright = "";
				LD_RUNPATH_SEARCH_PATHS = (
					"$(inherited)",
					"@executable_path/../Frameworks",
				);
				MACOSX_DEPLOYMENT_TARGET = 13.1;
				MARKETING_VERSION = 1.0;
				PRODUCT_BUNDLE_IDENTIFIER = com.joanduat.TapTempoMacExample;
				PRODUCT_NAME = "$(TARGET_NAME)";
				SDKROOT = macosx;
				SWIFT_EMIT_LOC_STRINGS = YES;
				SWIFT_VERSION = 5.0;
			};
			name = Release;
		};
/* End XCBuildConfiguration section */

/* Begin XCConfigurationList section */
		AF4982BD296DD39D0093FF91 /* Build configuration list for PBXProject "TapTempoButtonExample" */ = {
			isa = XCConfigurationList;
			buildConfigurations = (
				AF4982CE296DD39E0093FF91 /* Debug */,
				AF4982CF296DD39E0093FF91 /* Release */,
			);
			defaultConfigurationIsVisible = 0;
			defaultConfigurationName = Release;
		};
		AF4982D0296DD39E0093FF91 /* Build configuration list for PBXNativeTarget "TapTempoButtonExample" */ = {
			isa = XCConfigurationList;
			buildConfigurations = (
				AF4982D1296DD39E0093FF91 /* Debug */,
				AF4982D2296DD39E0093FF91 /* Release */,
			);
			defaultConfigurationIsVisible = 0;
			defaultConfigurationName = Release;
		};
		AF5CE04F2970B9D100DDA9B8 /* Build configuration list for PBXNativeTarget "TapTempoButtonWatchExample Watch App" */ = {
			isa = XCConfigurationList;
			buildConfigurations = (
				AF5CE04D2970B9D100DDA9B8 /* Debug */,
				AF5CE04E2970B9D100DDA9B8 /* Release */,
			);
			defaultConfigurationIsVisible = 0;
			defaultConfigurationName = Release;
		};
		AF5CE0612970BE7100DDA9B8 /* Build configuration list for PBXNativeTarget "TapTempoButtonTVExample" */ = {
			isa = XCConfigurationList;
			buildConfigurations = (
				AF5CE0622970BE7100DDA9B8 /* Debug */,
				AF5CE0632970BE7100DDA9B8 /* Release */,
			);
			defaultConfigurationIsVisible = 0;
			defaultConfigurationName = Release;
		};
		AF5CE0762970C6F300DDA9B8 /* Build configuration list for PBXNativeTarget "TapTempoMacExample" */ = {
			isa = XCConfigurationList;
			buildConfigurations = (
				AF5CE0772970C6F300DDA9B8 /* Debug */,
				AF5CE0782970C6F300DDA9B8 /* Release */,
			);
			defaultConfigurationIsVisible = 0;
			defaultConfigurationName = Release;
		};
/* End XCConfigurationList section */

/* Begin XCSwiftPackageProductDependency section */
		AF4982D9296DD67E0093FF91 /* TapTempoButton */ = {
			isa = XCSwiftPackageProductDependency;
			productName = TapTempoButton;
		};
		AF5CE0502970BA1300DDA9B8 /* TapTempoButton */ = {
			isa = XCSwiftPackageProductDependency;
			productName = TapTempoButton;
		};
		AF5CE0642970BE8300DDA9B8 /* TapTempoButton */ = {
			isa = XCSwiftPackageProductDependency;
			productName = TapTempoButton;
		};
		AF5CE0792970C75800DDA9B8 /* TapTempoButton */ = {
			isa = XCSwiftPackageProductDependency;
			productName = TapTempoButton;
		};
/* End XCSwiftPackageProductDependency section */
	};
	rootObject = AF4982BA296DD39D0093FF91 /* Project object */;
}
